
Microsoft Visual Studio Solution File, Format Version 12.00
# Visual Studio Version 17
VisualStudioVersion = 17.2.32526.322
MinimumVisualStudioVersion = 10.0.40219.1
Project("{FAE04EC0-301F-11D3-BF4B-00C04F79EFBC}") = "SimpleApp", "SimpleApp\SimpleApp.csproj", "{05D3B953-D495-4B83-B8BB-8FB478184516}"
EndProject
Project("{FAE04EC0-301F-11D3-BF4B-00C04F79EFBC}") = "SimpleApp.Test", "SimpleApp.Test\SimpleApp.Test.csproj", "{1AC902BD-5C2D-4D06-96A4-C49DE6A6BC86}"
EndProject
Global
	GlobalSection(SolutionConfigurationPlatforms) = preSolution
		Debug|Any CPU = Debug|Any CPU
		Release|Any CPU = Release|Any CPU
	EndGlobalSection
	GlobalSection(ProjectConfigurationPlatforms) = postSolution
		{05D3B953-D495-4B83-B8BB-8FB478184516}.Debug|Any CPU.ActiveCfg = Debug|Any CPU
		{05D3B953-D495-4B83-B8BB-8FB478184516}.Debug|Any CPU.Build.0 = Debug|Any CPU
		{05D3B953-D495-4B83-B8BB-8FB478184516}.Release|Any CPU.ActiveCfg = Release|Any CPU
		{05D3B953-D495-4B83-B8BB-8FB478184516}.Release|Any CPU.Build.0 = Release|Any CPU
		{1AC902BD-5C2D-4D06-96A4-C49DE6A6BC86}.Debug|Any CPU.ActiveCfg = Debug|Any CPU
		{1AC902BD-5C2D-4D06-96A4-C49DE6A6BC86}.Debug|Any CPU.Build.0 = Debug|Any CPU
		{1AC902BD-5C2D-4D06-96A4-C49DE6A6BC86}.Release|Any CPU.ActiveCfg = Release|Any CPU
		{1AC902BD-5C2D-4D06-96A4-C49DE6A6BC86}.Release|Any CPU.Build.0 = Release|Any CPU
	EndGlobalSection
	GlobalSection(SolutionProperties) = preSolution
		HideSolutionNode = FALSE
	EndGlobalSection
	GlobalSection(ExtensibilityGlobals) = postSolution
		SolutionGuid = {447F77E2-FA78-4B35-BE06-7FDFD56CB1B1}
	EndGlobalSection
EndGlobal
